
Microsoft Visual Studio Solution File, Format Version 12.00
# Visual Studio Version 17
VisualStudioVersion = 17.7.34031.279
MinimumVisualStudioVersion = 10.0.40219.1
Project("{FAE04EC0-301F-11D3-BF4B-00C04F79EFBC}") = "XIIRPL2_23_Ticketing", "XIIRPL2_23_Ticketing\XIIRPL2_23_Ticketing.csproj", "{330BF963-1952-4207-A300-72894F013F33}"
EndProject
Global
	GlobalSection(SolutionConfigurationPlatforms) = preSolution
		Debug|Any CPU = Debug|Any CPU
		Release|Any CPU = Release|Any CPU
	EndGlobalSection
	GlobalSection(ProjectConfigurationPlatforms) = postSolution
		{330BF963-1952-4207-A300-72894F013F33}.Debug|Any CPU.ActiveCfg = Debug|Any CPU
		{330BF963-1952-4207-A300-72894F013F33}.Debug|Any CPU.Build.0 = Debug|Any CPU
		{330BF963-1952-4207-A300-72894F013F33}.Release|Any CPU.ActiveCfg = Release|Any CPU
		{330BF963-1952-4207-A300-72894F013F33}.Release|Any CPU.Build.0 = Release|Any CPU
	EndGlobalSection
	GlobalSection(SolutionProperties) = preSolution
		HideSolutionNode = FALSE
	EndGlobalSection
	GlobalSection(ExtensibilityGlobals) = postSolution
		SolutionGuid = {5CDDF892-9FF9-4007-8959-635CBDCD6999}
	EndGlobalSection
EndGlobal
